# This file is automatically @generated by Cargo.
# It is not intended for manual editing.
version = 4

[[package]]
name = "atlas"
version = "0.1.0"
dependencies = [
 "atlas-assembler",
 "atlas-isa",
]

[[package]]
name = "atlas-assembler"
version = "0.1.0"
dependencies = [
 "atlas-isa",
]

[[package]]
name = "atlas-isa"
version = "0.1.0"

[[package]]
name = "atlas-linker"
version = "0.1.0"
dependencies = [
 "atlas-assembler",
 "atlas-isa",
]
